
Microsoft Visual Studio Solution File, Format Version 12.00
# Visual Studio 15
VisualStudioVersion = 15.0.28307.168
MinimumVisualStudioVersion = 10.0.40219.1
Project("{9A19103F-16F7-4668-BE54-9A1E7A4F7556}") = "CloudFunctions", "CloudFunctions\CloudFunctions.csproj", "{24BF520D-5210-41F2-B12A-BFF587B8737D}"
EndProject
Global
	GlobalSection(SolutionConfigurationPlatforms) = preSolution
		Debug|Any CPU = Debug|Any CPU
		Release|Any CPU = Release|Any CPU
	EndGlobalSection
	GlobalSection(ProjectConfigurationPlatforms) = postSolution
		{24BF520D-5210-41F2-B12A-BFF587B8737D}.Debug|Any CPU.ActiveCfg = Debug|Any CPU
		{24BF520D-5210-41F2-B12A-BFF587B8737D}.Debug|Any CPU.Build.0 = Debug|Any CPU
		{24BF520D-5210-41F2-B12A-BFF587B8737D}.Release|Any CPU.ActiveCfg = Release|Any CPU
		{24BF520D-5210-41F2-B12A-BFF587B8737D}.Release|Any CPU.Build.0 = Release|Any CPU
	EndGlobalSection
	GlobalSection(SolutionProperties) = preSolution
		HideSolutionNode = FALSE
	EndGlobalSection
	GlobalSection(ExtensibilityGlobals) = postSolution
		SolutionGuid = {8D235C3F-D384-47C2-A052-55FABF233BA4}
	EndGlobalSection
EndGlobal
